
Microsoft Visual Studio Solution File, Format Version 12.00
# Visual Studio Version 16
VisualStudioVersion = 16.0.30907.101
MinimumVisualStudioVersion = 10.0.40219.1
Project("{FAE04EC0-301F-11D3-BF4B-00C04F79EFBC}") = "Promat.UWP", "PromatMv\PromatMv.UWP\Promat.UWP.csproj", "{15839C3A-9471-442C-BC9D-6916C74055D2}"
EndProject
Project("{FAE04EC0-301F-11D3-BF4B-00C04F79EFBC}") = "Promat.Android", "PromatMv\PromatMv.Android\Promat.Android.csproj", "{754F364D-7AA1-4CB9-8C9A-D200937D6A5B}"
EndProject
Project("{FAE04EC0-301F-11D3-BF4B-00C04F79EFBC}") = "Promat.iOS", "PromatMv\PromatMv.iOS\Promat.iOS.csproj", "{177D0F68-D394-4A4C-8894-E217B40ACED8}"
EndProject
Project("{9A19103F-16F7-4668-BE54-9A1E7A4F7556}") = "Promat", "PromatMv\PromatMv\Promat.csproj", "{961D8872-71B7-48AF-BB8A-87047CD7D9B5}"
EndProject
Project("{FAE04EC0-301F-11D3-BF4B-00C04F79EFBC}") = "Promat.Backend", "PromatMv.Backend\Promat.Backend.csproj", "{4803918C-3CD5-45F7-BB4F-780EF944FC4B}"
EndProject
Project("{FAE04EC0-301F-11D3-BF4B-00C04F79EFBC}") = "Promat.WAPI.Client", "Promat.WAPI.Client\Promat.WAPI.Client.csproj", "{CF3E0EF4-5BD6-4F68-BBCA-3992F4BE956A}"
EndProject
Project("{FAE04EC0-301F-11D3-BF4B-00C04F79EFBC}") = "Promat.WAPI.Shared", "Promat.WAPI.Shared\Promat.WAPI.Shared.csproj", "{19D27A1C-723C-4602-9DD1-4B1E836E24F4}"
EndProject
Project("{FAE04EC0-301F-11D3-BF4B-00C04F79EFBC}") = "Promat.Domain", "Promat.Domain\Promat.Domain.csproj", "{7C7B5510-D6D1-4465-B4DA-D0DB27219392}"
EndProject
Project("{FAE04EC0-301F-11D3-BF4B-00C04F79EFBC}") = "Promat.Common", "Promat.Common\Promat.Common.csproj", "{E2A921A6-11CB-4A63-848D-9ADD1358ADAE}"
EndProject
Project("{FAE04EC0-301F-11D3-BF4B-00C04F79EFBC}") = "Promat.Api", "Promat.Api\Promat.Api.csproj", "{7823092B-A0BA-4D05-B3AA-BD5316707A76}"
EndProject
Global
	GlobalSection(SolutionConfigurationPlatforms) = preSolution
		Debug|Any CPU = Debug|Any CPU
		Debug|ARM = Debug|ARM
		Debug|iPhone = Debug|iPhone
		Debug|iPhoneSimulator = Debug|iPhoneSimulator
		Debug|x64 = Debug|x64
		Debug|x86 = Debug|x86
		Release|Any CPU = Release|Any CPU
		Release|ARM = Release|ARM
		Release|iPhone = Release|iPhone
		Release|iPhoneSimulator = Release|iPhoneSimulator
		Release|x64 = Release|x64
		Release|x86 = Release|x86
	EndGlobalSection
	GlobalSection(ProjectConfigurationPlatforms) = postSolution
		{15839C3A-9471-442C-BC9D-6916C74055D2}.Debug|Any CPU.ActiveCfg = Debug|x86
		{15839C3A-9471-442C-BC9D-6916C74055D2}.Debug|Any CPU.Build.0 = Debug|x86
		{15839C3A-9471-442C-BC9D-6916C74055D2}.Debug|Any CPU.Deploy.0 = Debug|x86
		{15839C3A-9471-442C-BC9D-6916C74055D2}.Debug|ARM.ActiveCfg = Debug|ARM
		{15839C3A-9471-442C-BC9D-6916C74055D2}.Debug|ARM.Build.0 = Debug|ARM
		{15839C3A-9471-442C-BC9D-6916C74055D2}.Debug|ARM.Deploy.0 = Debug|ARM
		{15839C3A-9471-442C-BC9D-6916C74055D2}.Debug|iPhone.ActiveCfg = Debug|x86
		{15839C3A-9471-442C-BC9D-6916C74055D2}.Debug|iPhone.Build.0 = Debug|x86
		{15839C3A-9471-442C-BC9D-6916C74055D2}.Debug|iPhone.Deploy.0 = Debug|x86
		{15839C3A-9471-442C-BC9D-6916C74055D2}.Debug|iPhoneSimulator.ActiveCfg = Debug|x86
		{15839C3A-9471-442C-BC9D-6916C74055D2}.Debug|iPhoneSimulator.Build.0 = Debug|x86
		{15839C3A-9471-442C-BC9D-6916C74055D2}.Debug|iPhoneSimulator.Deploy.0 = Debug|x86
		{15839C3A-9471-442C-BC9D-6916C74055D2}.Debug|x64.ActiveCfg = Debug|x64
		{15839C3A-9471-442C-BC9D-6916C74055D2}.Debug|x64.Build.0 = Debug|x64
		{15839C3A-9471-442C-BC9D-6916C74055D2}.Debug|x64.Deploy.0 = Debug|x64
		{15839C3A-9471-442C-BC9D-6916C74055D2}.Debug|x86.ActiveCfg = Debug|x86
		{15839C3A-9471-442C-BC9D-6916C74055D2}.Debug|x86.Build.0 = Debug|x86
		{15839C3A-9471-442C-BC9D-6916C74055D2}.Debug|x86.Deploy.0 = Debug|x86
		{15839C3A-9471-442C-BC9D-6916C74055D2}.Release|Any CPU.ActiveCfg = Release|x86
		{15839C3A-9471-442C-BC9D-6916C74055D2}.Release|Any CPU.Build.0 = Release|x86
		{15839C3A-9471-442C-BC9D-6916C74055D2}.Release|Any CPU.Deploy.0 = Release|x86
		{15839C3A-9471-442C-BC9D-6916C74055D2}.Release|ARM.ActiveCfg = Release|ARM
		{15839C3A-9471-442C-BC9D-6916C74055D2}.Release|ARM.Build.0 = Release|ARM
		{15839C3A-9471-442C-BC9D-6916C74055D2}.Release|ARM.Deploy.0 = Release|ARM
		{15839C3A-9471-442C-BC9D-6916C74055D2}.Release|iPhone.ActiveCfg = Release|x86
		{15839C3A-9471-442C-BC9D-6916C74055D2}.Release|iPhone.Build.0 = Release|x86
		{15839C3A-9471-442C-BC9D-6916C74055D2}.Release|iPhone.Deploy.0 = Release|x86
		{15839C3A-9471-442C-BC9D-6916C74055D2}.Release|iPhoneSimulator.ActiveCfg = Release|x86
		{15839C3A-9471-442C-BC9D-6916C74055D2}.Release|iPhoneSimulator.Build.0 = Release|x86
		{15839C3A-9471-442C-BC9D-6916C74055D2}.Release|iPhoneSimulator.Deploy.0 = Release|x86
		{15839C3A-9471-442C-BC9D-6916C74055D2}.Release|x64.ActiveCfg = Release|x64
		{15839C3A-9471-442C-BC9D-6916C74055D2}.Release|x64.Build.0 = Release|x64
		{15839C3A-9471-442C-BC9D-6916C74055D2}.Release|x64.Deploy.0 = Release|x64
		{15839C3A-9471-442C-BC9D-6916C74055D2}.Release|x86.ActiveCfg = Release|x86
		{15839C3A-9471-442C-BC9D-6916C74055D2}.Release|x86.Build.0 = Release|x86
		{15839C3A-9471-442C-BC9D-6916C74055D2}.Release|x86.Deploy.0 = Release|x86
		{754F364D-7AA1-4CB9-8C9A-D200937D6A5B}.Debug|Any CPU.ActiveCfg = Debug|Any CPU
		{754F364D-7AA1-4CB9-8C9A-D200937D6A5B}.Debug|Any CPU.Build.0 = Debug|Any CPU
		{754F364D-7AA1-4CB9-8C9A-D200937D6A5B}.Debug|Any CPU.Deploy.0 = Debug|Any CPU
		{754F364D-7AA1-4CB9-8C9A-D200937D6A5B}.Debug|ARM.ActiveCfg = Debug|Any CPU
		{754F364D-7AA1-4CB9-8C9A-D200937D6A5B}.Debug|ARM.Build.0 = Debug|Any CPU
		{754F364D-7AA1-4CB9-8C9A-D200937D6A5B}.Debug|ARM.Deploy.0 = Debug|Any CPU
		{754F364D-7AA1-4CB9-8C9A-D200937D6A5B}.Debug|iPhone.ActiveCfg = Debug|Any CPU
		{754F364D-7AA1-4CB9-8C9A-D200937D6A5B}.Debug|iPhone.Build.0 = Debug|Any CPU
		{754F364D-7AA1-4CB9-8C9A-D200937D6A5B}.Debug|iPhone.Deploy.0 = Debug|Any CPU
		{754F364D-7AA1-4CB9-8C9A-D200937D6A5B}.Debug|iPhoneSimulator.ActiveCfg = Debug|Any CPU
		{754F364D-7AA1-4CB9-8C9A-D200937D6A5B}.Debug|iPhoneSimulator.Build.0 = Debug|Any CPU
		{754F364D-7AA1-4CB9-8C9A-D200937D6A5B}.Debug|iPhoneSimulator.Deploy.0 = Debug|Any CPU
		{754F364D-7AA1-4CB9-8C9A-D200937D6A5B}.Debug|x64.ActiveCfg = Debug|Any CPU
		{754F364D-7AA1-4CB9-8C9A-D200937D6A5B}.Debug|x64.Build.0 = Debug|Any CPU
		{754F364D-7AA1-4CB9-8C9A-D200937D6A5B}.Debug|x64.Deploy.0 = Debug|Any CPU
		{754F364D-7AA1-4CB9-8C9A-D200937D6A5B}.Debug|x86.ActiveCfg = Debug|Any CPU
		{754F364D-7AA1-4CB9-8C9A-D200937D6A5B}.Debug|x86.Build.0 = Debug|Any CPU
		{754F364D-7AA1-4CB9-8C9A-D200937D6A5B}.Debug|x86.Deploy.0 = Debug|Any CPU
		{754F364D-7AA1-4CB9-8C9A-D200937D6A5B}.Release|Any CPU.ActiveCfg = Release|Any CPU
		{754F364D-7AA1-4CB9-8C9A-D200937D6A5B}.Release|Any CPU.Build.0 = Release|Any CPU
		{754F364D-7AA1-4CB9-8C9A-D200937D6A5B}.Release|Any CPU.Deploy.0 = Release|Any CPU
		{754F364D-7AA1-4CB9-8C9A-D200937D6A5B}.Release|ARM.ActiveCfg = Release|Any CPU
		{754F364D-7AA1-4CB9-8C9A-D200937D6A5B}.Release|ARM.Build.0 = Release|Any CPU
		{754F364D-7AA1-4CB9-8C9A-D200937D6A5B}.Release|ARM.Deploy.0 = Release|Any CPU
		{754F364D-7AA1-4CB9-8C9A-D200937D6A5B}.Release|iPhone.ActiveCfg = Release|Any CPU
		{754F364D-7AA1-4CB9-8C9A-D200937D6A5B}.Release|iPhone.Build.0 = Release|Any CPU
		{754F364D-7AA1-4CB9-8C9A-D200937D6A5B}.Release|iPhone.Deploy.0 = Release|Any CPU
		{754F364D-7AA1-4CB9-8C9A-D200937D6A5B}.Release|iPhoneSimulator.ActiveCfg = Release|Any CPU
		{754F364D-7AA1-4CB9-8C9A-D200937D6A5B}.Release|iPhoneSimulator.Build.0 = Release|Any CPU
		{754F364D-7AA1-4CB9-8C9A-D200937D6A5B}.Release|iPhoneSimulator.Deploy.0 = Release|Any CPU
		{754F364D-7AA1-4CB9-8C9A-D200937D6A5B}.Release|x64.ActiveCfg = Release|Any CPU
		{754F364D-7AA1-4CB9-8C9A-D200937D6A5B}.Release|x64.Build.0 = Release|Any CPU
		{754F364D-7AA1-4CB9-8C9A-D200937D6A5B}.Release|x64.Deploy.0 = Release|Any CPU
		{754F364D-7AA1-4CB9-8C9A-D200937D6A5B}.Release|x86.ActiveCfg = Release|Any CPU
		{754F364D-7AA1-4CB9-8C9A-D200937D6A5B}.Release|x86.Build.0 = Release|Any CPU
		{754F364D-7AA1-4CB9-8C9A-D200937D6A5B}.Release|x86.Deploy.0 = Release|Any CPU
		{177D0F68-D394-4A4C-8894-E217B40ACED8}.Debug|Any CPU.ActiveCfg = Debug|iPhoneSimulator
		{177D0F68-D394-4A4C-8894-E217B40ACED8}.Debug|Any CPU.Build.0 = Debug|iPhoneSimulator
		{177D0F68-D394-4A4C-8894-E217B40ACED8}.Debug|Any CPU.Deploy.0 = Debug|iPhoneSimulator
		{177D0F68-D394-4A4C-8894-E217B40ACED8}.Debug|ARM.ActiveCfg = Debug|iPhone
		{177D0F68-D394-4A4C-8894-E217B40ACED8}.Debug|ARM.Build.0 = Debug|iPhone
		{177D0F68-D394-4A4C-8894-E217B40ACED8}.Debug|ARM.Deploy.0 = Debug|iPhone
		{177D0F68-D394-4A4C-8894-E217B40ACED8}.Debug|iPhone.ActiveCfg = Debug|iPhone
		{177D0F68-D394-4A4C-8894-E217B40ACED8}.Debug|iPhone.Build.0 = Debug|iPhone
		{177D0F68-D394-4A4C-8894-E217B40ACED8}.Debug|iPhone.Deploy.0 = Debug|iPhone
		{177D0F68-D394-4A4C-8894-E217B40ACED8}.Debug|iPhoneSimulator.ActiveCfg = Debug|iPhoneSimulator
		{177D0F68-D394-4A4C-8894-E217B40ACED8}.Debug|iPhoneSimulator.Build.0 = Debug|iPhoneSimulator
		{177D0F68-D394-4A4C-8894-E217B40ACED8}.Debug|iPhoneSimulator.Deploy.0 = Debug|iPhoneSimulator
		{177D0F68-D394-4A4C-8894-E217B40ACED8}.Debug|x64.ActiveCfg = Debug|iPhoneSimulator
		{177D0F68-D394-4A4C-8894-E217B40ACED8}.Debug|x64.Build.0 = Debug|iPhoneSimulator
		{177D0F68-D394-4A4C-8894-E217B40ACED8}.Debug|x64.Deploy.0 = Debug|iPhoneSimulator
		{177D0F68-D394-4A4C-8894-E217B40ACED8}.Debug|x86.ActiveCfg = Debug|iPhoneSimulator
		{177D0F68-D394-4A4C-8894-E217B40ACED8}.Debug|x86.Build.0 = Debug|iPhoneSimulator
		{177D0F68-D394-4A4C-8894-E217B40ACED8}.Debug|x86.Deploy.0 = Debug|iPhoneSimulator
		{177D0F68-D394-4A4C-8894-E217B40ACED8}.Release|Any CPU.ActiveCfg = Release|iPhoneSimulator
		{177D0F68-D394-4A4C-8894-E217B40ACED8}.Release|Any CPU.Build.0 = Release|iPhoneSimulator
		{177D0F68-D394-4A4C-8894-E217B40ACED8}.Release|Any CPU.Deploy.0 = Release|iPhoneSimulator
		{177D0F68-D394-4A4C-8894-E217B40ACED8}.Release|ARM.ActiveCfg = Release|iPhoneSimulator
		{177D0F68-D394-4A4C-8894-E217B40ACED8}.Release|ARM.Build.0 = Release|iPhoneSimulator
		{177D0F68-D394-4A4C-8894-E217B40ACED8}.Release|ARM.Deploy.0 = Release|iPhoneSimulator
		{177D0F68-D394-4A4C-8894-E217B40ACED8}.Release|iPhone.ActiveCfg = Release|iPhone
		{177D0F68-D394-4A4C-8894-E217B40ACED8}.Release|iPhone.Build.0 = Release|iPhone
		{177D0F68-D394-4A4C-8894-E217B40ACED8}.Release|iPhone.Deploy.0 = Release|iPhone
		{177D0F68-D394-4A4C-8894-E217B40ACED8}.Release|iPhoneSimulator.ActiveCfg = Release|iPhoneSimulator
		{177D0F68-D394-4A4C-8894-E217B40ACED8}.Release|iPhoneSimulator.Build.0 = Release|iPhoneSimulator
		{177D0F68-D394-4A4C-8894-E217B40ACED8}.Release|iPhoneSimulator.Deploy.0 = Release|iPhoneSimulator
		{177D0F68-D394-4A4C-8894-E217B40ACED8}.Release|x64.ActiveCfg = Release|iPhoneSimulator
		{177D0F68-D394-4A4C-8894-E217B40ACED8}.Release|x64.Build.0 = Release|iPhoneSimulator
		{177D0F68-D394-4A4C-8894-E217B40ACED8}.Release|x64.Deploy.0 = Release|iPhoneSimulator
		{177D0F68-D394-4A4C-8894-E217B40ACED8}.Release|x86.ActiveCfg = Release|iPhoneSimulator
		{177D0F68-D394-4A4C-8894-E217B40ACED8}.Release|x86.Build.0 = Release|iPhoneSimulator
		{177D0F68-D394-4A4C-8894-E217B40ACED8}.Release|x86.Deploy.0 = Release|iPhoneSimulator
		{961D8872-71B7-48AF-BB8A-87047CD7D9B5}.Debug|Any CPU.ActiveCfg = Debug|Any CPU
		{961D8872-71B7-48AF-BB8A-87047CD7D9B5}.Debug|Any CPU.Build.0 = Debug|Any CPU
		{961D8872-71B7-48AF-BB8A-87047CD7D9B5}.Debug|Any CPU.Deploy.0 = Debug|Any CPU
		{961D8872-71B7-48AF-BB8A-87047CD7D9B5}.Debug|ARM.ActiveCfg = Debug|Any CPU
		{961D8872-71B7-48AF-BB8A-87047CD7D9B5}.Debug|ARM.Build.0 = Debug|Any CPU
		{961D8872-71B7-48AF-BB8A-87047CD7D9B5}.Debug|ARM.Deploy.0 = Debug|Any CPU
		{961D8872-71B7-48AF-BB8A-87047CD7D9B5}.Debug|iPhone.ActiveCfg = Debug|Any CPU
		{961D8872-71B7-48AF-BB8A-87047CD7D9B5}.Debug|iPhone.Build.0 = Debug|Any CPU
		{961D8872-71B7-48AF-BB8A-87047CD7D9B5}.Debug|iPhone.Deploy.0 = Debug|Any CPU
		{961D8872-71B7-48AF-BB8A-87047CD7D9B5}.Debug|iPhoneSimulator.ActiveCfg = Debug|Any CPU
		{961D8872-71B7-48AF-BB8A-87047CD7D9B5}.Debug|iPhoneSimulator.Build.0 = Debug|Any CPU
		{961D8872-71B7-48AF-BB8A-87047CD7D9B5}.Debug|iPhoneSimulator.Deploy.0 = Debug|Any CPU
		{961D8872-71B7-48AF-BB8A-87047CD7D9B5}.Debug|x64.ActiveCfg = Debug|Any CPU
		{961D8872-71B7-48AF-BB8A-87047CD7D9B5}.Debug|x64.Build.0 = Debug|Any CPU
		{961D8872-71B7-48AF-BB8A-87047CD7D9B5}.Debug|x64.Deploy.0 = Debug|Any CPU
		{961D8872-71B7-48AF-BB8A-87047CD7D9B5}.Debug|x86.ActiveCfg = Debug|Any CPU
		{961D8872-71B7-48AF-BB8A-87047CD7D9B5}.Debug|x86.Build.0 = Debug|Any CPU
		{961D8872-71B7-48AF-BB8A-87047CD7D9B5}.Debug|x86.Deploy.0 = Debug|Any CPU
		{961D8872-71B7-48AF-BB8A-87047CD7D9B5}.Release|Any CPU.ActiveCfg = Release|Any CPU
		{961D8872-71B7-48AF-BB8A-87047CD7D9B5}.Release|Any CPU.Build.0 = Release|Any CPU
		{961D8872-71B7-48AF-BB8A-87047CD7D9B5}.Release|Any CPU.Deploy.0 = Release|Any CPU
		{961D8872-71B7-48AF-BB8A-87047CD7D9B5}.Release|ARM.ActiveCfg = Release|Any CPU
		{961D8872-71B7-48AF-BB8A-87047CD7D9B5}.Release|ARM.Build.0 = Release|Any CPU
		{961D8872-71B7-48AF-BB8A-87047CD7D9B5}.Release|ARM.Deploy.0 = Release|Any CPU
		{961D8872-71B7-48AF-BB8A-87047CD7D9B5}.Release|iPhone.ActiveCfg = Release|Any CPU
		{961D8872-71B7-48AF-BB8A-87047CD7D9B5}.Release|iPhone.Build.0 = Release|Any CPU
		{961D8872-71B7-48AF-BB8A-87047CD7D9B5}.Release|iPhone.Deploy.0 = Release|Any CPU
		{961D8872-71B7-48AF-BB8A-87047CD7D9B5}.Release|iPhoneSimulator.ActiveCfg = Release|Any CPU
		{961D8872-71B7-48AF-BB8A-87047CD7D9B5}.Release|iPhoneSimulator.Build.0 = Release|Any CPU
		{961D8872-71B7-48AF-BB8A-87047CD7D9B5}.Release|iPhoneSimulator.Deploy.0 = Release|Any CPU
		{961D8872-71B7-48AF-BB8A-87047CD7D9B5}.Release|x64.ActiveCfg = Release|Any CPU
		{961D8872-71B7-48AF-BB8A-87047CD7D9B5}.Release|x64.Build.0 = Release|Any CPU
		{961D8872-71B7-48AF-BB8A-87047CD7D9B5}.Release|x64.Deploy.0 = Release|Any CPU
		{961D8872-71B7-48AF-BB8A-87047CD7D9B5}.Release|x86.ActiveCfg = Release|Any CPU
		{961D8872-71B7-48AF-BB8A-87047CD7D9B5}.Release|x86.Build.0 = Release|Any CPU
		{961D8872-71B7-48AF-BB8A-87047CD7D9B5}.Release|x86.Deploy.0 = Release|Any CPU
		{4803918C-3CD5-45F7-BB4F-780EF944FC4B}.Debug|Any CPU.ActiveCfg = Debug|Any CPU
		{4803918C-3CD5-45F7-BB4F-780EF944FC4B}.Debug|Any CPU.Build.0 = Debug|Any CPU
		{4803918C-3CD5-45F7-BB4F-780EF944FC4B}.Debug|ARM.ActiveCfg = Debug|Any CPU
		{4803918C-3CD5-45F7-BB4F-780EF944FC4B}.Debug|ARM.Build.0 = Debug|Any CPU
		{4803918C-3CD5-45F7-BB4F-780EF944FC4B}.Debug|iPhone.ActiveCfg = Debug|Any CPU
		{4803918C-3CD5-45F7-BB4F-780EF944FC4B}.Debug|iPhone.Build.0 = Debug|Any CPU
		{4803918C-3CD5-45F7-BB4F-780EF944FC4B}.Debug|iPhoneSimulator.ActiveCfg = Debug|Any CPU
		{4803918C-3CD5-45F7-BB4F-780EF944FC4B}.Debug|iPhoneSimulator.Build.0 = Debug|Any CPU
		{4803918C-3CD5-45F7-BB4F-780EF944FC4B}.Debug|x64.ActiveCfg = Debug|Any CPU
		{4803918C-3CD5-45F7-BB4F-780EF944FC4B}.Debug|x64.Build.0 = Debug|Any CPU
		{4803918C-3CD5-45F7-BB4F-780EF944FC4B}.Debug|x86.ActiveCfg = Debug|Any CPU
		{4803918C-3CD5-45F7-BB4F-780EF944FC4B}.Debug|x86.Build.0 = Debug|Any CPU
		{4803918C-3CD5-45F7-BB4F-780EF944FC4B}.Release|Any CPU.ActiveCfg = Release|Any CPU
		{4803918C-3CD5-45F7-BB4F-780EF944FC4B}.Release|Any CPU.Build.0 = Release|Any CPU
		{4803918C-3CD5-45F7-BB4F-780EF944FC4B}.Release|ARM.ActiveCfg = Release|Any CPU
		{4803918C-3CD5-45F7-BB4F-780EF944FC4B}.Release|ARM.Build.0 = Release|Any CPU
		{4803918C-3CD5-45F7-BB4F-780EF944FC4B}.Release|iPhone.ActiveCfg = Release|Any CPU
		{4803918C-3CD5-45F7-BB4F-780EF944FC4B}.Release|iPhone.Build.0 = Release|Any CPU
		{4803918C-3CD5-45F7-BB4F-780EF944FC4B}.Release|iPhoneSimulator.ActiveCfg = Release|Any CPU
		{4803918C-3CD5-45F7-BB4F-780EF944FC4B}.Release|iPhoneSimulator.Build.0 = Release|Any CPU
		{4803918C-3CD5-45F7-BB4F-780EF944FC4B}.Release|x64.ActiveCfg = Release|Any CPU
		{4803918C-3CD5-45F7-BB4F-780EF944FC4B}.Release|x64.Build.0 = Release|Any CPU
		{4803918C-3CD5-45F7-BB4F-780EF944FC4B}.Release|x86.ActiveCfg = Release|Any CPU
		{4803918C-3CD5-45F7-BB4F-780EF944FC4B}.Release|x86.Build.0 = Release|Any CPU
		{CF3E0EF4-5BD6-4F68-BBCA-3992F4BE956A}.Debug|Any CPU.ActiveCfg = Debug|Any CPU
		{CF3E0EF4-5BD6-4F68-BBCA-3992F4BE956A}.Debug|Any CPU.Build.0 = Debug|Any CPU
		{CF3E0EF4-5BD6-4F68-BBCA-3992F4BE956A}.Debug|ARM.ActiveCfg = Debug|Any CPU
		{CF3E0EF4-5BD6-4F68-BBCA-3992F4BE956A}.Debug|ARM.Build.0 = Debug|Any CPU
		{CF3E0EF4-5BD6-4F68-BBCA-3992F4BE956A}.Debug|iPhone.ActiveCfg = Debug|Any CPU
		{CF3E0EF4-5BD6-4F68-BBCA-3992F4BE956A}.Debug|iPhone.Build.0 = Debug|Any CPU
		{CF3E0EF4-5BD6-4F68-BBCA-3992F4BE956A}.Debug|iPhoneSimulator.ActiveCfg = Debug|Any CPU
		{CF3E0EF4-5BD6-4F68-BBCA-3992F4BE956A}.Debug|iPhoneSimulator.Build.0 = Debug|Any CPU
		{CF3E0EF4-5BD6-4F68-BBCA-3992F4BE956A}.Debug|x64.ActiveCfg = Debug|Any CPU
		{CF3E0EF4-5BD6-4F68-BBCA-3992F4BE956A}.Debug|x64.Build.0 = Debug|Any CPU
		{CF3E0EF4-5BD6-4F68-BBCA-3992F4BE956A}.Debug|x86.ActiveCfg = Debug|Any CPU
		{CF3E0EF4-5BD6-4F68-BBCA-3992F4BE956A}.Debug|x86.Build.0 = Debug|Any CPU
		{CF3E0EF4-5BD6-4F68-BBCA-3992F4BE956A}.Release|Any CPU.ActiveCfg = Release|Any CPU
		{CF3E0EF4-5BD6-4F68-BBCA-3992F4BE956A}.Release|Any CPU.Build.0 = Release|Any CPU
		{CF3E0EF4-5BD6-4F68-BBCA-3992F4BE956A}.Release|ARM.ActiveCfg = Release|Any CPU
		{CF3E0EF4-5BD6-4F68-BBCA-3992F4BE956A}.Release|ARM.Build.0 = Release|Any CPU
		{CF3E0EF4-5BD6-4F68-BBCA-3992F4BE956A}.Release|iPhone.ActiveCfg = Release|Any CPU
		{CF3E0EF4-5BD6-4F68-BBCA-3992F4BE956A}.Release|iPhone.Build.0 = Release|Any CPU
		{CF3E0EF4-5BD6-4F68-BBCA-3992F4BE956A}.Release|iPhoneSimulator.ActiveCfg = Release|Any CPU
		{CF3E0EF4-5BD6-4F68-BBCA-3992F4BE956A}.Release|iPhoneSimulator.Build.0 = Release|Any CPU
		{CF3E0EF4-5BD6-4F68-BBCA-3992F4BE956A}.Release|x64.ActiveCfg = Release|Any CPU
		{CF3E0EF4-5BD6-4F68-BBCA-3992F4BE956A}.Release|x64.Build.0 = Release|Any CPU
		{CF3E0EF4-5BD6-4F68-BBCA-3992F4BE956A}.Release|x86.ActiveCfg = Release|Any CPU
		{CF3E0EF4-5BD6-4F68-BBCA-3992F4BE956A}.Release|x86.Build.0 = Release|Any CPU
		{19D27A1C-723C-4602-9DD1-4B1E836E24F4}.Debug|Any CPU.ActiveCfg = Debug|Any CPU
		{19D27A1C-723C-4602-9DD1-4B1E836E24F4}.Debug|Any CPU.Build.0 = Debug|Any CPU
		{19D27A1C-723C-4602-9DD1-4B1E836E24F4}.Debug|ARM.ActiveCfg = Debug|Any CPU
		{19D27A1C-723C-4602-9DD1-4B1E836E24F4}.Debug|ARM.Build.0 = Debug|Any CPU
		{19D27A1C-723C-4602-9DD1-4B1E836E24F4}.Debug|iPhone.ActiveCfg = Debug|Any CPU
		{19D27A1C-723C-4602-9DD1-4B1E836E24F4}.Debug|iPhone.Build.0 = Debug|Any CPU
		{19D27A1C-723C-4602-9DD1-4B1E836E24F4}.Debug|iPhoneSimulator.ActiveCfg = Debug|Any CPU
		{19D27A1C-723C-4602-9DD1-4B1E836E24F4}.Debug|iPhoneSimulator.Build.0 = Debug|Any CPU
		{19D27A1C-723C-4602-9DD1-4B1E836E24F4}.Debug|x64.ActiveCfg = Debug|Any CPU
		{19D27A1C-723C-4602-9DD1-4B1E836E24F4}.Debug|x64.Build.0 = Debug|Any CPU
		{19D27A1C-723C-4602-9DD1-4B1E836E24F4}.Debug|x86.ActiveCfg = Debug|Any CPU
		{19D27A1C-723C-4602-9DD1-4B1E836E24F4}.Debug|x86.Build.0 = Debug|Any CPU
		{19D27A1C-723C-4602-9DD1-4B1E836E24F4}.Release|Any CPU.ActiveCfg = Release|Any CPU
		{19D27A1C-723C-4602-9DD1-4B1E836E24F4}.Release|Any CPU.Build.0 = Release|Any CPU
		{19D27A1C-723C-4602-9DD1-4B1E836E24F4}.Release|ARM.ActiveCfg = Release|Any CPU
		{19D27A1C-723C-4602-9DD1-4B1E836E24F4}.Release|ARM.Build.0 = Release|Any CPU
		{19D27A1C-723C-4602-9DD1-4B1E836E24F4}.Release|iPhone.ActiveCfg = Release|Any CPU
		{19D27A1C-723C-4602-9DD1-4B1E836E24F4}.Release|iPhone.Build.0 = Release|Any CPU
		{19D27A1C-723C-4602-9DD1-4B1E836E24F4}.Release|iPhoneSimulator.ActiveCfg = Release|Any CPU
		{19D27A1C-723C-4602-9DD1-4B1E836E24F4}.Release|iPhoneSimulator.Build.0 = Release|Any CPU
		{19D27A1C-723C-4602-9DD1-4B1E836E24F4}.Release|x64.ActiveCfg = Release|Any CPU
		{19D27A1C-723C-4602-9DD1-4B1E836E24F4}.Release|x64.Build.0 = Release|Any CPU
		{19D27A1C-723C-4602-9DD1-4B1E836E24F4}.Release|x86.ActiveCfg = Release|Any CPU
		{19D27A1C-723C-4602-9DD1-4B1E836E24F4}.Release|x86.Build.0 = Release|Any CPU
		{7C7B5510-D6D1-4465-B4DA-D0DB27219392}.Debug|Any CPU.ActiveCfg = Debug|Any CPU
		{7C7B5510-D6D1-4465-B4DA-D0DB27219392}.Debug|Any CPU.Build.0 = Debug|Any CPU
		{7C7B5510-D6D1-4465-B4DA-D0DB27219392}.Debug|ARM.ActiveCfg = Debug|Any CPU
		{7C7B5510-D6D1-4465-B4DA-D0DB27219392}.Debug|ARM.Build.0 = Debug|Any CPU
		{7C7B5510-D6D1-4465-B4DA-D0DB27219392}.Debug|iPhone.ActiveCfg = Debug|Any CPU
		{7C7B5510-D6D1-4465-B4DA-D0DB27219392}.Debug|iPhone.Build.0 = Debug|Any CPU
		{7C7B5510-D6D1-4465-B4DA-D0DB27219392}.Debug|iPhoneSimulator.ActiveCfg = Debug|Any CPU
		{7C7B5510-D6D1-4465-B4DA-D0DB27219392}.Debug|iPhoneSimulator.Build.0 = Debug|Any CPU
		{7C7B5510-D6D1-4465-B4DA-D0DB27219392}.Debug|x64.ActiveCfg = Debug|Any CPU
		{7C7B5510-D6D1-4465-B4DA-D0DB27219392}.Debug|x64.Build.0 = Debug|Any CPU
		{7C7B5510-D6D1-4465-B4DA-D0DB27219392}.Debug|x86.ActiveCfg = Debug|Any CPU
		{7C7B5510-D6D1-4465-B4DA-D0DB27219392}.Debug|x86.Build.0 = Debug|Any CPU
		{7C7B5510-D6D1-4465-B4DA-D0DB27219392}.Release|Any CPU.ActiveCfg = Release|Any CPU
		{7C7B5510-D6D1-4465-B4DA-D0DB27219392}.Release|Any CPU.Build.0 = Release|Any CPU
		{7C7B5510-D6D1-4465-B4DA-D0DB27219392}.Release|ARM.ActiveCfg = Release|Any CPU
		{7C7B5510-D6D1-4465-B4DA-D0DB27219392}.Release|ARM.Build.0 = Release|Any CPU
		{7C7B5510-D6D1-4465-B4DA-D0DB27219392}.Release|iPhone.ActiveCfg = Release|Any CPU
		{7C7B5510-D6D1-4465-B4DA-D0DB27219392}.Release|iPhone.Build.0 = Release|Any CPU
		{7C7B5510-D6D1-4465-B4DA-D0DB27219392}.Release|iPhoneSimulator.ActiveCfg = Release|Any CPU
		{7C7B5510-D6D1-4465-B4DA-D0DB27219392}.Release|iPhoneSimulator.Build.0 = Release|Any CPU
		{7C7B5510-D6D1-4465-B4DA-D0DB27219392}.Release|x64.ActiveCfg = Release|Any CPU
		{7C7B5510-D6D1-4465-B4DA-D0DB27219392}.Release|x64.Build.0 = Release|Any CPU
		{7C7B5510-D6D1-4465-B4DA-D0DB27219392}.Release|x86.ActiveCfg = Release|Any CPU
		{7C7B5510-D6D1-4465-B4DA-D0DB27219392}.Release|x86.Build.0 = Release|Any CPU
		{E2A921A6-11CB-4A63-848D-9ADD1358ADAE}.Debug|Any CPU.ActiveCfg = Debug|Any CPU
		{E2A921A6-11CB-4A63-848D-9ADD1358ADAE}.Debug|Any CPU.Build.0 = Debug|Any CPU
		{E2A921A6-11CB-4A63-848D-9ADD1358ADAE}.Debug|ARM.ActiveCfg = Debug|Any CPU
		{E2A921A6-11CB-4A63-848D-9ADD1358ADAE}.Debug|ARM.Build.0 = Debug|Any CPU
		{E2A921A6-11CB-4A63-848D-9ADD1358ADAE}.Debug|iPhone.ActiveCfg = Debug|Any CPU
		{E2A921A6-11CB-4A63-848D-9ADD1358ADAE}.Debug|iPhone.Build.0 = Debug|Any CPU
		{E2A921A6-11CB-4A63-848D-9ADD1358ADAE}.Debug|iPhoneSimulator.ActiveCfg = Debug|Any CPU
		{E2A921A6-11CB-4A63-848D-9ADD1358ADAE}.Debug|iPhoneSimulator.Build.0 = Debug|Any CPU
		{E2A921A6-11CB-4A63-848D-9ADD1358ADAE}.Debug|x64.ActiveCfg = Debug|Any CPU
		{E2A921A6-11CB-4A63-848D-9ADD1358ADAE}.Debug|x64.Build.0 = Debug|Any CPU
		{E2A921A6-11CB-4A63-848D-9ADD1358ADAE}.Debug|x86.ActiveCfg = Debug|Any CPU
		{E2A921A6-11CB-4A63-848D-9ADD1358ADAE}.Debug|x86.Build.0 = Debug|Any CPU
		{E2A921A6-11CB-4A63-848D-9ADD1358ADAE}.Release|Any CPU.ActiveCfg = Release|Any CPU
		{E2A921A6-11CB-4A63-848D-9ADD1358ADAE}.Release|Any CPU.Build.0 = Release|Any CPU
		{E2A921A6-11CB-4A63-848D-9ADD1358ADAE}.Release|ARM.ActiveCfg = Release|Any CPU
		{E2A921A6-11CB-4A63-848D-9ADD1358ADAE}.Release|ARM.Build.0 = Release|Any CPU
		{E2A921A6-11CB-4A63-848D-9ADD1358ADAE}.Release|iPhone.ActiveCfg = Release|Any CPU
		{E2A921A6-11CB-4A63-848D-9ADD1358ADAE}.Release|iPhone.Build.0 = Release|Any CPU
		{E2A921A6-11CB-4A63-848D-9ADD1358ADAE}.Release|iPhoneSimulator.ActiveCfg = Release|Any CPU
		{E2A921A6-11CB-4A63-848D-9ADD1358ADAE}.Release|iPhoneSimulator.Build.0 = Release|Any CPU
		{E2A921A6-11CB-4A63-848D-9ADD1358ADAE}.Release|x64.ActiveCfg = Release|Any CPU
		{E2A921A6-11CB-4A63-848D-9ADD1358ADAE}.Release|x64.Build.0 = Release|Any CPU
		{E2A921A6-11CB-4A63-848D-9ADD1358ADAE}.Release|x86.ActiveCfg = Release|Any CPU
		{E2A921A6-11CB-4A63-848D-9ADD1358ADAE}.Release|x86.Build.0 = Release|Any CPU
		{7823092B-A0BA-4D05-B3AA-BD5316707A76}.Debug|Any CPU.ActiveCfg = Debug|Any CPU
		{7823092B-A0BA-4D05-B3AA-BD5316707A76}.Debug|Any CPU.Build.0 = Debug|Any CPU
		{7823092B-A0BA-4D05-B3AA-BD5316707A76}.Debug|ARM.ActiveCfg = Debug|Any CPU
		{7823092B-A0BA-4D05-B3AA-BD5316707A76}.Debug|ARM.Build.0 = Debug|Any CPU
		{7823092B-A0BA-4D05-B3AA-BD5316707A76}.Debug|iPhone.ActiveCfg = Debug|Any CPU
		{7823092B-A0BA-4D05-B3AA-BD5316707A76}.Debug|iPhone.Build.0 = Debug|Any CPU
		{7823092B-A0BA-4D05-B3AA-BD5316707A76}.Debug|iPhoneSimulator.ActiveCfg = Debug|Any CPU
		{7823092B-A0BA-4D05-B3AA-BD5316707A76}.Debug|iPhoneSimulator.Build.0 = Debug|Any CPU
		{7823092B-A0BA-4D05-B3AA-BD5316707A76}.Debug|x64.ActiveCfg = Debug|Any CPU
		{7823092B-A0BA-4D05-B3AA-BD5316707A76}.Debug|x64.Build.0 = Debug|Any CPU
		{7823092B-A0BA-4D05-B3AA-BD5316707A76}.Debug|x86.ActiveCfg = Debug|Any CPU
		{7823092B-A0BA-4D05-B3AA-BD5316707A76}.Debug|x86.Build.0 = Debug|Any CPU
		{7823092B-A0BA-4D05-B3AA-BD5316707A76}.Release|Any CPU.ActiveCfg = Release|Any CPU
		{7823092B-A0BA-4D05-B3AA-BD5316707A76}.Release|Any CPU.Build.0 = Release|Any CPU
		{7823092B-A0BA-4D05-B3AA-BD5316707A76}.Release|ARM.ActiveCfg = Release|Any CPU
		{7823092B-A0BA-4D05-B3AA-BD5316707A76}.Release|ARM.Build.0 = Release|Any CPU
		{7823092B-A0BA-4D05-B3AA-BD5316707A76}.Release|iPhone.ActiveCfg = Release|Any CPU
		{7823092B-A0BA-4D05-B3AA-BD5316707A76}.Release|iPhone.Build.0 = Release|Any CPU
		{7823092B-A0BA-4D05-B3AA-BD5316707A76}.Release|iPhoneSimulator.ActiveCfg = Release|Any CPU
		{7823092B-A0BA-4D05-B3AA-BD5316707A76}.Release|iPhoneSimulator.Build.0 = Release|Any CPU
		{7823092B-A0BA-4D05-B3AA-BD5316707A76}.Release|x64.ActiveCfg = Release|Any CPU
		{7823092B-A0BA-4D05-B3AA-BD5316707A76}.Release|x64.Build.0 = Release|Any CPU
		{7823092B-A0BA-4D05-B3AA-BD5316707A76}.Release|x86.ActiveCfg = Release|Any CPU
		{7823092B-A0BA-4D05-B3AA-BD5316707A76}.Release|x86.Build.0 = Release|Any CPU
	EndGlobalSection
	GlobalSection(SolutionProperties) = preSolution
		HideSolutionNode = FALSE
	EndGlobalSection
	GlobalSection(ExtensibilityGlobals) = postSolution
		SolutionGuid = {BA3CE8BA-77C3-4802-8F8B-5A3FB17E120F}
	EndGlobalSection
EndGlobal
